# This file is automatically @generated by Cargo.
# It is not intended for manual editing.
version = 3

[[package]]
name = "baros"
version = "0.0.1"
dependencies = [
 "ecow",
 "vec1",
]

[[package]]
name = "ecow"
version = "0.2.2"
source = "registry+https://github.com/rust-lang/crates.io-index"
checksum = "54bfbb1708988623190a6c4dbedaeaf0f53c20c6395abd6a01feb327b3146f4b"

[[package]]
name = "vec1"
version = "1.12.1"
source = "registry+https://github.com/rust-lang/crates.io-index"
checksum = "eab68b56840f69efb0fefbe3ab6661499217ffdc58e2eef7c3f6f69835386322"
